
Microsoft Visual Studio Solution File, Format Version 12.00
# Visual Studio Version 17
VisualStudioVersion = 17.10.35201.131
MinimumVisualStudioVersion = 10.0.40219.1
Project("{FAE04EC0-301F-11D3-BF4B-00C04F79EFBC}") = "Notes", "Notes\Notes.csproj", "{A4A77C72-0305-4369-8C88-E2BB85F8FFFF}"
EndProject
Global
	GlobalSection(SolutionConfigurationPlatforms) = preSolution
		Debug|Any CPU = Debug|Any CPU
		Release|Any CPU = Release|Any CPU
	EndGlobalSection
	GlobalSection(ProjectConfigurationPlatforms) = postSolution
		{A4A77C72-0305-4369-8C88-E2BB85F8FFFF}.Debug|Any CPU.ActiveCfg = Debug|Any CPU
		{A4A77C72-0305-4369-8C88-E2BB85F8FFFF}.Debug|Any CPU.Build.0 = Debug|Any CPU
		{A4A77C72-0305-4369-8C88-E2BB85F8FFFF}.Debug|Any CPU.Deploy.0 = Debug|Any CPU
		{A4A77C72-0305-4369-8C88-E2BB85F8FFFF}.Release|Any CPU.ActiveCfg = Release|Any CPU
		{A4A77C72-0305-4369-8C88-E2BB85F8FFFF}.Release|Any CPU.Build.0 = Release|Any CPU
		{A4A77C72-0305-4369-8C88-E2BB85F8FFFF}.Release|Any CPU.Deploy.0 = Release|Any CPU
	EndGlobalSection
	GlobalSection(SolutionProperties) = preSolution
		HideSolutionNode = FALSE
	EndGlobalSection
	GlobalSection(ExtensibilityGlobals) = postSolution
		SolutionGuid = {44182370-4CEE-4FAB-8443-62A83561FD52}
	EndGlobalSection
EndGlobal
